
Microsoft Visual Studio Solution File, Format Version 12.00
# Visual Studio Version 17
VisualStudioVersion = 17.14.36511.14
MinimumVisualStudioVersion = 10.0.40219.1
Project("{FAE04EC0-301F-11D3-BF4B-00C04F79EFBC}") = "RDECommerce.Domain", "RDECommerce.Domain\RDECommerce.Domain.csproj", "{178A6ED1-FFA5-4078-94AD-2C17641ADB59}"
EndProject
Project("{FAE04EC0-301F-11D3-BF4B-00C04F79EFBC}") = "RDECommerce.Application", "RDECommerce.Application\RDECommerce.Application.csproj", "{2C6904F2-0578-4A04-A6E8-04E369E1C574}"
EndProject
Project("{FAE04EC0-301F-11D3-BF4B-00C04F79EFBC}") = "RDECommerce.Infrastructure", "RDECommerce.Infrastructure\RDECommerce.Infrastructure.csproj", "{997738FE-E0AB-41F6-9D3A-5C55C9C4278E}"
EndProject
Project("{FAE04EC0-301F-11D3-BF4B-00C04F79EFBC}") = "RDECommerce.Host", "RDECommerce.Host\RDECommerce.Host.csproj", "{EEC50550-478B-4A3A-9D77-0FF376288452}"
EndProject
Global
	GlobalSection(SolutionConfigurationPlatforms) = preSolution
		Debug|Any CPU = Debug|Any CPU
		Release|Any CPU = Release|Any CPU
	EndGlobalSection
	GlobalSection(ProjectConfigurationPlatforms) = postSolution
		{178A6ED1-FFA5-4078-94AD-2C17641ADB59}.Debug|Any CPU.ActiveCfg = Debug|Any CPU
		{178A6ED1-FFA5-4078-94AD-2C17641ADB59}.Debug|Any CPU.Build.0 = Debug|Any CPU
		{178A6ED1-FFA5-4078-94AD-2C17641ADB59}.Release|Any CPU.ActiveCfg = Release|Any CPU
		{178A6ED1-FFA5-4078-94AD-2C17641ADB59}.Release|Any CPU.Build.0 = Release|Any CPU
		{2C6904F2-0578-4A04-A6E8-04E369E1C574}.Debug|Any CPU.ActiveCfg = Debug|Any CPU
		{2C6904F2-0578-4A04-A6E8-04E369E1C574}.Debug|Any CPU.Build.0 = Debug|Any CPU
		{2C6904F2-0578-4A04-A6E8-04E369E1C574}.Release|Any CPU.ActiveCfg = Release|Any CPU
		{2C6904F2-0578-4A04-A6E8-04E369E1C574}.Release|Any CPU.Build.0 = Release|Any CPU
		{997738FE-E0AB-41F6-9D3A-5C55C9C4278E}.Debug|Any CPU.ActiveCfg = Debug|Any CPU
		{997738FE-E0AB-41F6-9D3A-5C55C9C4278E}.Debug|Any CPU.Build.0 = Debug|Any CPU
		{997738FE-E0AB-41F6-9D3A-5C55C9C4278E}.Release|Any CPU.ActiveCfg = Release|Any CPU
		{997738FE-E0AB-41F6-9D3A-5C55C9C4278E}.Release|Any CPU.Build.0 = Release|Any CPU
		{EEC50550-478B-4A3A-9D77-0FF376288452}.Debug|Any CPU.ActiveCfg = Debug|Any CPU
		{EEC50550-478B-4A3A-9D77-0FF376288452}.Debug|Any CPU.Build.0 = Debug|Any CPU
		{EEC50550-478B-4A3A-9D77-0FF376288452}.Release|Any CPU.ActiveCfg = Release|Any CPU
		{EEC50550-478B-4A3A-9D77-0FF376288452}.Release|Any CPU.Build.0 = Release|Any CPU
	EndGlobalSection
	GlobalSection(SolutionProperties) = preSolution
		HideSolutionNode = FALSE
	EndGlobalSection
	GlobalSection(ExtensibilityGlobals) = postSolution
		SolutionGuid = {EDD5244E-112F-44CB-BE4A-C876D979224C}
	EndGlobalSection
EndGlobal
